
Microsoft Visual Studio Solution File, Format Version 12.00
# Visual Studio Version 17
VisualStudioVersion = 17.0.31903.59
MinimumVisualStudioVersion = 10.0.40219.1
Project("{2150E333-8FDC-42A3-9474-1A3956D46DE8}") = "src", "src", "{E75479D9-4DF9-4996-8E98-53754FFF6294}"
EndProject
Project("{2150E333-8FDC-42A3-9474-1A3956D46DE8}") = "Clients", "Clients", "{15C403AD-BF02-4462-85F3-7F567A233EDB}"
EndProject
Project("{9A19103F-16F7-4668-BE54-9A1E7A4F7556}") = "MyPeople.Client.Web", "src\Clients\MyPeople.Client.Web\MyPeople.Client.Web.csproj", "{00B58DAA-92F6-435D-9D0B-8543AA9A827D}"
EndProject
Project("{2150E333-8FDC-42A3-9474-1A3956D46DE8}") = "Gateways", "Gateways", "{5A8D5906-D58A-4F09-ACB0-E61725FE8292}"
EndProject
Project("{9A19103F-16F7-4668-BE54-9A1E7A4F7556}") = "MyPeople.Gateways.Web", "src\Gateways\MyPeople.Gateways.Web\MyPeople.Gateways.Web.csproj", "{A5F5E80F-3B85-431D-8A7C-A04E8BEA49CF}"
EndProject
Project("{2150E333-8FDC-42A3-9474-1A3956D46DE8}") = "Identity", "Identity", "{1C360A3B-7D6A-4814-A9A2-10382081C533}"
EndProject
Project("{9A19103F-16F7-4668-BE54-9A1E7A4F7556}") = "MyPeople.Identity.Application", "src\Identity\MyPeople.Identity.Application\MyPeople.Identity.Application.csproj", "{CDFEFF24-8AD0-4C93-8CB6-7C84DF61C33A}"
EndProject
Project("{9A19103F-16F7-4668-BE54-9A1E7A4F7556}") = "MyPeople.Identity.Domain", "src\Identity\MyPeople.Identity.Domain\MyPeople.Identity.Domain.csproj", "{1996FC52-3CA1-49AB-B676-5E82613C5624}"
EndProject
Project("{9A19103F-16F7-4668-BE54-9A1E7A4F7556}") = "MyPeople.Identity.Infrastructure", "src\Identity\MyPeople.Identity.Infrastructure\MyPeople.Identity.Infrastructure.csproj", "{32DCFBD9-1EE9-46A5-9478-762B8AD668E8}"
EndProject
Project("{9A19103F-16F7-4668-BE54-9A1E7A4F7556}") = "MyPeople.Identity.Web", "src\Identity\MyPeople.Identity.Web\MyPeople.Identity.Web.csproj", "{94888B33-95C7-467B-B207-366BEFF799FE}"
EndProject
Project("{2150E333-8FDC-42A3-9474-1A3956D46DE8}") = "Services", "Services", "{D9A58A88-D20E-46FC-B3A8-601AB211C200}"
EndProject
Project("{2150E333-8FDC-42A3-9474-1A3956D46DE8}") = "Images", "Images", "{7428320C-3631-4972-B0F4-615B14847374}"
EndProject
Project("{9A19103F-16F7-4668-BE54-9A1E7A4F7556}") = "MyPeople.Services.Images.API", "src\Services\Images\MyPeople.Services.Images.API\MyPeople.Services.Images.API.csproj", "{75758F30-622D-417A-B5F4-110C0A84D9A9}"
EndProject
Project("{9A19103F-16F7-4668-BE54-9A1E7A4F7556}") = "MyPeople.Services.Images.Application", "src\Services\Images\MyPeople.Services.Images.Application\MyPeople.Services.Images.Application.csproj", "{1150F8C5-1297-423E-97A8-DEBCD83782AB}"
EndProject
Project("{9A19103F-16F7-4668-BE54-9A1E7A4F7556}") = "MyPeople.Services.Images.Domain", "src\Services\Images\MyPeople.Services.Images.Domain\MyPeople.Services.Images.Domain.csproj", "{0C5EEC11-0EC3-46F8-B103-BCED4BEAB4E6}"
EndProject
Project("{9A19103F-16F7-4668-BE54-9A1E7A4F7556}") = "MyPeople.Services.Images.Infrastructure", "src\Services\Images\MyPeople.Services.Images.Infrastructure\MyPeople.Services.Images.Infrastructure.csproj", "{AEC67093-C34E-4F0C-B507-1C62F4C882E6}"
EndProject
Project("{2150E333-8FDC-42A3-9474-1A3956D46DE8}") = "Posts", "Posts", "{A2595C57-237D-40B1-AD9F-D96029348D8D}"
EndProject
Project("{9A19103F-16F7-4668-BE54-9A1E7A4F7556}") = "MyPeople.Services.Posts.API", "src\Services\Posts\MyPeople.Services.Posts.API\MyPeople.Services.Posts.API.csproj", "{518F8BDC-AC89-404D-8B85-930536B10446}"
EndProject
Project("{9A19103F-16F7-4668-BE54-9A1E7A4F7556}") = "MyPeople.Services.Posts.Application", "src\Services\Posts\MyPeople.Services.Posts.Application\MyPeople.Services.Posts.Application.csproj", "{2B164772-AC34-4A47-B41C-451535B4287F}"
EndProject
Project("{9A19103F-16F7-4668-BE54-9A1E7A4F7556}") = "MyPeople.Services.Posts.Domain", "src\Services\Posts\MyPeople.Services.Posts.Domain\MyPeople.Services.Posts.Domain.csproj", "{ADE40859-94D8-455F-9D4E-E6A1511C148C}"
EndProject
Project("{9A19103F-16F7-4668-BE54-9A1E7A4F7556}") = "MyPeople.Services.Posts.Infrastructure", "src\Services\Posts\MyPeople.Services.Posts.Infrastructure\MyPeople.Services.Posts.Infrastructure.csproj", "{2AC9F67F-2B46-4AF4-B053-A9A1FC14419D}"
EndProject
Project("{2150E333-8FDC-42A3-9474-1A3956D46DE8}") = "Common", "Common", "{A9154864-4BB8-4A51-A33E-66F9A6B629E5}"
EndProject
Project("{FAE04EC0-301F-11D3-BF4B-00C04F79EFBC}") = "MyPeople.Common.Configuration", "src\Common\MyPeople.Common.Configuration\MyPeople.Common.Configuration.csproj", "{A6D9BDE1-D9F4-4C67-A6EF-B92CC2D78E58}"
EndProject
Project("{2150E333-8FDC-42A3-9474-1A3956D46DE8}") = "Common", "Common", "{7C3ADD5A-C4B9-4E9D-B7EE-15F6A313F6B0}"
EndProject
Project("{FAE04EC0-301F-11D3-BF4B-00C04F79EFBC}") = "MyPeople.Services.Common", "src\Services\Common\MyPeople.Services.Common\MyPeople.Services.Common.csproj", "{C658B5EA-B91C-4294-AADF-EBCAEFC03A07}"
EndProject
Global
	GlobalSection(SolutionConfigurationPlatforms) = preSolution
		Debug|Any CPU = Debug|Any CPU
		Release|Any CPU = Release|Any CPU
	EndGlobalSection
	GlobalSection(ProjectConfigurationPlatforms) = postSolution
		{00B58DAA-92F6-435D-9D0B-8543AA9A827D}.Debug|Any CPU.ActiveCfg = Debug|Any CPU
		{00B58DAA-92F6-435D-9D0B-8543AA9A827D}.Debug|Any CPU.Build.0 = Debug|Any CPU
		{00B58DAA-92F6-435D-9D0B-8543AA9A827D}.Release|Any CPU.ActiveCfg = Release|Any CPU
		{00B58DAA-92F6-435D-9D0B-8543AA9A827D}.Release|Any CPU.Build.0 = Release|Any CPU
		{A5F5E80F-3B85-431D-8A7C-A04E8BEA49CF}.Debug|Any CPU.ActiveCfg = Debug|Any CPU
		{A5F5E80F-3B85-431D-8A7C-A04E8BEA49CF}.Debug|Any CPU.Build.0 = Debug|Any CPU
		{A5F5E80F-3B85-431D-8A7C-A04E8BEA49CF}.Release|Any CPU.ActiveCfg = Release|Any CPU
		{A5F5E80F-3B85-431D-8A7C-A04E8BEA49CF}.Release|Any CPU.Build.0 = Release|Any CPU
		{CDFEFF24-8AD0-4C93-8CB6-7C84DF61C33A}.Debug|Any CPU.ActiveCfg = Debug|Any CPU
		{CDFEFF24-8AD0-4C93-8CB6-7C84DF61C33A}.Debug|Any CPU.Build.0 = Debug|Any CPU
		{CDFEFF24-8AD0-4C93-8CB6-7C84DF61C33A}.Release|Any CPU.ActiveCfg = Release|Any CPU
		{CDFEFF24-8AD0-4C93-8CB6-7C84DF61C33A}.Release|Any CPU.Build.0 = Release|Any CPU
		{1996FC52-3CA1-49AB-B676-5E82613C5624}.Debug|Any CPU.ActiveCfg = Debug|Any CPU
		{1996FC52-3CA1-49AB-B676-5E82613C5624}.Debug|Any CPU.Build.0 = Debug|Any CPU
		{1996FC52-3CA1-49AB-B676-5E82613C5624}.Release|Any CPU.ActiveCfg = Release|Any CPU
		{1996FC52-3CA1-49AB-B676-5E82613C5624}.Release|Any CPU.Build.0 = Release|Any CPU
		{32DCFBD9-1EE9-46A5-9478-762B8AD668E8}.Debug|Any CPU.ActiveCfg = Debug|Any CPU
		{32DCFBD9-1EE9-46A5-9478-762B8AD668E8}.Debug|Any CPU.Build.0 = Debug|Any CPU
		{32DCFBD9-1EE9-46A5-9478-762B8AD668E8}.Release|Any CPU.ActiveCfg = Release|Any CPU
		{32DCFBD9-1EE9-46A5-9478-762B8AD668E8}.Release|Any CPU.Build.0 = Release|Any CPU
		{94888B33-95C7-467B-B207-366BEFF799FE}.Debug|Any CPU.ActiveCfg = Debug|Any CPU
		{94888B33-95C7-467B-B207-366BEFF799FE}.Debug|Any CPU.Build.0 = Debug|Any CPU
		{94888B33-95C7-467B-B207-366BEFF799FE}.Release|Any CPU.ActiveCfg = Release|Any CPU
		{94888B33-95C7-467B-B207-366BEFF799FE}.Release|Any CPU.Build.0 = Release|Any CPU
		{75758F30-622D-417A-B5F4-110C0A84D9A9}.Debug|Any CPU.ActiveCfg = Debug|Any CPU
		{75758F30-622D-417A-B5F4-110C0A84D9A9}.Debug|Any CPU.Build.0 = Debug|Any CPU
		{75758F30-622D-417A-B5F4-110C0A84D9A9}.Release|Any CPU.ActiveCfg = Release|Any CPU
		{75758F30-622D-417A-B5F4-110C0A84D9A9}.Release|Any CPU.Build.0 = Release|Any CPU
		{1150F8C5-1297-423E-97A8-DEBCD83782AB}.Debug|Any CPU.ActiveCfg = Debug|Any CPU
		{1150F8C5-1297-423E-97A8-DEBCD83782AB}.Debug|Any CPU.Build.0 = Debug|Any CPU
		{1150F8C5-1297-423E-97A8-DEBCD83782AB}.Release|Any CPU.ActiveCfg = Release|Any CPU
		{1150F8C5-1297-423E-97A8-DEBCD83782AB}.Release|Any CPU.Build.0 = Release|Any CPU
		{0C5EEC11-0EC3-46F8-B103-BCED4BEAB4E6}.Debug|Any CPU.ActiveCfg = Debug|Any CPU
		{0C5EEC11-0EC3-46F8-B103-BCED4BEAB4E6}.Debug|Any CPU.Build.0 = Debug|Any CPU
		{0C5EEC11-0EC3-46F8-B103-BCED4BEAB4E6}.Release|Any CPU.ActiveCfg = Release|Any CPU
		{0C5EEC11-0EC3-46F8-B103-BCED4BEAB4E6}.Release|Any CPU.Build.0 = Release|Any CPU
		{AEC67093-C34E-4F0C-B507-1C62F4C882E6}.Debug|Any CPU.ActiveCfg = Debug|Any CPU
		{AEC67093-C34E-4F0C-B507-1C62F4C882E6}.Debug|Any CPU.Build.0 = Debug|Any CPU
		{AEC67093-C34E-4F0C-B507-1C62F4C882E6}.Release|Any CPU.ActiveCfg = Release|Any CPU
		{AEC67093-C34E-4F0C-B507-1C62F4C882E6}.Release|Any CPU.Build.0 = Release|Any CPU
		{518F8BDC-AC89-404D-8B85-930536B10446}.Debug|Any CPU.ActiveCfg = Debug|Any CPU
		{518F8BDC-AC89-404D-8B85-930536B10446}.Debug|Any CPU.Build.0 = Debug|Any CPU
		{518F8BDC-AC89-404D-8B85-930536B10446}.Release|Any CPU.ActiveCfg = Release|Any CPU
		{518F8BDC-AC89-404D-8B85-930536B10446}.Release|Any CPU.Build.0 = Release|Any CPU
		{2B164772-AC34-4A47-B41C-451535B4287F}.Debug|Any CPU.ActiveCfg = Debug|Any CPU
		{2B164772-AC34-4A47-B41C-451535B4287F}.Debug|Any CPU.Build.0 = Debug|Any CPU
		{2B164772-AC34-4A47-B41C-451535B4287F}.Release|Any CPU.ActiveCfg = Release|Any CPU
		{2B164772-AC34-4A47-B41C-451535B4287F}.Release|Any CPU.Build.0 = Release|Any CPU
		{ADE40859-94D8-455F-9D4E-E6A1511C148C}.Debug|Any CPU.ActiveCfg = Debug|Any CPU
		{ADE40859-94D8-455F-9D4E-E6A1511C148C}.Debug|Any CPU.Build.0 = Debug|Any CPU
		{ADE40859-94D8-455F-9D4E-E6A1511C148C}.Release|Any CPU.ActiveCfg = Release|Any CPU
		{ADE40859-94D8-455F-9D4E-E6A1511C148C}.Release|Any CPU.Build.0 = Release|Any CPU
		{2AC9F67F-2B46-4AF4-B053-A9A1FC14419D}.Debug|Any CPU.ActiveCfg = Debug|Any CPU
		{2AC9F67F-2B46-4AF4-B053-A9A1FC14419D}.Debug|Any CPU.Build.0 = Debug|Any CPU
		{2AC9F67F-2B46-4AF4-B053-A9A1FC14419D}.Release|Any CPU.ActiveCfg = Release|Any CPU
		{2AC9F67F-2B46-4AF4-B053-A9A1FC14419D}.Release|Any CPU.Build.0 = Release|Any CPU
		{A6D9BDE1-D9F4-4C67-A6EF-B92CC2D78E58}.Debug|Any CPU.ActiveCfg = Debug|Any CPU
		{A6D9BDE1-D9F4-4C67-A6EF-B92CC2D78E58}.Debug|Any CPU.Build.0 = Debug|Any CPU
		{A6D9BDE1-D9F4-4C67-A6EF-B92CC2D78E58}.Release|Any CPU.ActiveCfg = Release|Any CPU
		{A6D9BDE1-D9F4-4C67-A6EF-B92CC2D78E58}.Release|Any CPU.Build.0 = Release|Any CPU
		{C658B5EA-B91C-4294-AADF-EBCAEFC03A07}.Debug|Any CPU.ActiveCfg = Debug|Any CPU
		{C658B5EA-B91C-4294-AADF-EBCAEFC03A07}.Debug|Any CPU.Build.0 = Debug|Any CPU
		{C658B5EA-B91C-4294-AADF-EBCAEFC03A07}.Release|Any CPU.ActiveCfg = Release|Any CPU
		{C658B5EA-B91C-4294-AADF-EBCAEFC03A07}.Release|Any CPU.Build.0 = Release|Any CPU
	EndGlobalSection
	GlobalSection(SolutionProperties) = preSolution
		HideSolutionNode = FALSE
	EndGlobalSection
	GlobalSection(NestedProjects) = preSolution
		{15C403AD-BF02-4462-85F3-7F567A233EDB} = {E75479D9-4DF9-4996-8E98-53754FFF6294}
		{00B58DAA-92F6-435D-9D0B-8543AA9A827D} = {15C403AD-BF02-4462-85F3-7F567A233EDB}
		{5A8D5906-D58A-4F09-ACB0-E61725FE8292} = {E75479D9-4DF9-4996-8E98-53754FFF6294}
		{A5F5E80F-3B85-431D-8A7C-A04E8BEA49CF} = {5A8D5906-D58A-4F09-ACB0-E61725FE8292}
		{1C360A3B-7D6A-4814-A9A2-10382081C533} = {E75479D9-4DF9-4996-8E98-53754FFF6294}
		{CDFEFF24-8AD0-4C93-8CB6-7C84DF61C33A} = {1C360A3B-7D6A-4814-A9A2-10382081C533}
		{1996FC52-3CA1-49AB-B676-5E82613C5624} = {1C360A3B-7D6A-4814-A9A2-10382081C533}
		{32DCFBD9-1EE9-46A5-9478-762B8AD668E8} = {1C360A3B-7D6A-4814-A9A2-10382081C533}
		{94888B33-95C7-467B-B207-366BEFF799FE} = {1C360A3B-7D6A-4814-A9A2-10382081C533}
		{D9A58A88-D20E-46FC-B3A8-601AB211C200} = {E75479D9-4DF9-4996-8E98-53754FFF6294}
		{7428320C-3631-4972-B0F4-615B14847374} = {D9A58A88-D20E-46FC-B3A8-601AB211C200}
		{75758F30-622D-417A-B5F4-110C0A84D9A9} = {7428320C-3631-4972-B0F4-615B14847374}
		{1150F8C5-1297-423E-97A8-DEBCD83782AB} = {7428320C-3631-4972-B0F4-615B14847374}
		{0C5EEC11-0EC3-46F8-B103-BCED4BEAB4E6} = {7428320C-3631-4972-B0F4-615B14847374}
		{AEC67093-C34E-4F0C-B507-1C62F4C882E6} = {7428320C-3631-4972-B0F4-615B14847374}
		{A2595C57-237D-40B1-AD9F-D96029348D8D} = {D9A58A88-D20E-46FC-B3A8-601AB211C200}
		{518F8BDC-AC89-404D-8B85-930536B10446} = {A2595C57-237D-40B1-AD9F-D96029348D8D}
		{2B164772-AC34-4A47-B41C-451535B4287F} = {A2595C57-237D-40B1-AD9F-D96029348D8D}
		{ADE40859-94D8-455F-9D4E-E6A1511C148C} = {A2595C57-237D-40B1-AD9F-D96029348D8D}
		{2AC9F67F-2B46-4AF4-B053-A9A1FC14419D} = {A2595C57-237D-40B1-AD9F-D96029348D8D}
		{A9154864-4BB8-4A51-A33E-66F9A6B629E5} = {E75479D9-4DF9-4996-8E98-53754FFF6294}
		{A6D9BDE1-D9F4-4C67-A6EF-B92CC2D78E58} = {A9154864-4BB8-4A51-A33E-66F9A6B629E5}
		{7C3ADD5A-C4B9-4E9D-B7EE-15F6A313F6B0} = {D9A58A88-D20E-46FC-B3A8-601AB211C200}
		{C658B5EA-B91C-4294-AADF-EBCAEFC03A07} = {7C3ADD5A-C4B9-4E9D-B7EE-15F6A313F6B0}
	EndGlobalSection
	GlobalSection(ExtensibilityGlobals) = postSolution
		SolutionGuid = {6EA5BAEA-63EF-4359-9B7B-AE0BE2FBAC3D}
	EndGlobalSection
EndGlobal
