
Microsoft Visual Studio Solution File, Format Version 12.00
# Visual Studio Version 17
VisualStudioVersion = 17.0.31903.59
MinimumVisualStudioVersion = 10.0.40219.1
Project("{2150E333-8FDC-42A3-9474-1A3956D46DE8}") = "src", "src", "{8D142CCA-C399-41E6-9B9C-8DABC94F4027}"
EndProject
Project("{2150E333-8FDC-42A3-9474-1A3956D46DE8}") = "Clients", "Clients", "{C88AA92C-3D58-4A3E-88D6-054CA0AA4F2F}"
EndProject
Project("{9A19103F-16F7-4668-BE54-9A1E7A4F7556}") = "MyPeople.Client.Infrastructure", "src\Clients\MyPeople.Client.Infrastructure\MyPeople.Client.Infrastructure.csproj", "{72597666-E98D-4201-9BFD-CF04F89E66A9}"
EndProject
Project("{9A19103F-16F7-4668-BE54-9A1E7A4F7556}") = "MyPeople.Client.Web", "src\Clients\MyPeople.Client.Web\MyPeople.Client.Web.csproj", "{79A3703A-59BC-4065-9F1D-E1A558A53940}"
EndProject
Project("{2150E333-8FDC-42A3-9474-1A3956D46DE8}") = "Common", "Common", "{6B494F51-47DE-485A-A8E7-E15DD7E54308}"
EndProject
Project("{9A19103F-16F7-4668-BE54-9A1E7A4F7556}") = "MyPeople.Common.Abstractions", "src\Common\MyPeople.Common.Abstractions\MyPeople.Common.Abstractions.csproj", "{76F16E90-0B25-47EA-A7B2-4EAF8F0C2A47}"
EndProject
Project("{9A19103F-16F7-4668-BE54-9A1E7A4F7556}") = "MyPeople.Common.Configuration", "src\Common\MyPeople.Common.Configuration\MyPeople.Common.Configuration.csproj", "{97D68A5D-B8DC-408B-BAFA-0D4DB8D5E5A7}"
EndProject
Project("{9A19103F-16F7-4668-BE54-9A1E7A4F7556}") = "MyPeople.Common.Models", "src\Common\MyPeople.Common.Models\MyPeople.Common.Models.csproj", "{006C8418-D269-49FB-8208-9B9E571539A2}"
EndProject
Project("{2150E333-8FDC-42A3-9474-1A3956D46DE8}") = "Gateways", "Gateways", "{13278947-1E54-4F6E-9F96-79754CA4222C}"
EndProject
Project("{9A19103F-16F7-4668-BE54-9A1E7A4F7556}") = "MyPeople.Gateways.Web", "src\Gateways\MyPeople.Gateways.Web\MyPeople.Gateways.Web.csproj", "{26C393CB-5ECA-4913-96C7-E0875770B736}"
EndProject
Project("{2150E333-8FDC-42A3-9474-1A3956D46DE8}") = "Identity", "Identity", "{3AA89893-B690-43D7-BE17-495FBB9E62C0}"
EndProject
Project("{9A19103F-16F7-4668-BE54-9A1E7A4F7556}") = "MyPeople.Identity.Application", "src\Identity\MyPeople.Identity.Application\MyPeople.Identity.Application.csproj", "{E84D661C-AB1B-42D7-829F-9798B7AE7124}"
EndProject
Project("{9A19103F-16F7-4668-BE54-9A1E7A4F7556}") = "MyPeople.Identity.Domain", "src\Identity\MyPeople.Identity.Domain\MyPeople.Identity.Domain.csproj", "{15A46AAF-1C02-4059-96CC-57731243B881}"
EndProject
Project("{9A19103F-16F7-4668-BE54-9A1E7A4F7556}") = "MyPeople.Identity.Infrastructure", "src\Identity\MyPeople.Identity.Infrastructure\MyPeople.Identity.Infrastructure.csproj", "{0CD0F446-0234-401B-BFE2-887F365F92AB}"
EndProject
Project("{9A19103F-16F7-4668-BE54-9A1E7A4F7556}") = "MyPeople.Identity.Web", "src\Identity\MyPeople.Identity.Web\MyPeople.Identity.Web.csproj", "{A5F2C0F2-6E84-4F16-A9F8-CD15F5FD5570}"
EndProject
Project("{2150E333-8FDC-42A3-9474-1A3956D46DE8}") = "Services", "Services", "{60560E83-0D67-445C-9723-EF85EF91BFC0}"
EndProject
Project("{2150E333-8FDC-42A3-9474-1A3956D46DE8}") = "Common", "Common", "{45406BF2-5DCD-4397-A75C-705DEA6384F8}"
EndProject
Project("{9A19103F-16F7-4668-BE54-9A1E7A4F7556}") = "MyPeople.Services.Common", "src\Services\Common\MyPeople.Services.Common\MyPeople.Services.Common.csproj", "{C21A44BC-6B35-4044-BEF8-FCCB39B177DF}"
EndProject
Project("{2150E333-8FDC-42A3-9474-1A3956D46DE8}") = "Images", "Images", "{0FD65D23-B83B-4112-8DCF-8801D5CC02BC}"
EndProject
Project("{9A19103F-16F7-4668-BE54-9A1E7A4F7556}") = "MyPeople.Services.Images.API", "src\Services\Images\MyPeople.Services.Images.API\MyPeople.Services.Images.API.csproj", "{3A5E7440-077B-498A-B662-A34DF1B7B82C}"
EndProject
Project("{9A19103F-16F7-4668-BE54-9A1E7A4F7556}") = "MyPeople.Services.Images.Application", "src\Services\Images\MyPeople.Services.Images.Application\MyPeople.Services.Images.Application.csproj", "{12E77D61-1C41-45E7-9E4F-13F3F5574497}"
EndProject
Project("{9A19103F-16F7-4668-BE54-9A1E7A4F7556}") = "MyPeople.Services.Images.Domain", "src\Services\Images\MyPeople.Services.Images.Domain\MyPeople.Services.Images.Domain.csproj", "{B71A655D-0CF8-4C76-BA2D-73DA677BFD85}"
EndProject
Project("{9A19103F-16F7-4668-BE54-9A1E7A4F7556}") = "MyPeople.Services.Images.Infrastructure", "src\Services\Images\MyPeople.Services.Images.Infrastructure\MyPeople.Services.Images.Infrastructure.csproj", "{D9163140-E059-4BE5-8C67-AE7DA74B7BD2}"
EndProject
Project("{2150E333-8FDC-42A3-9474-1A3956D46DE8}") = "Posts", "Posts", "{CAA05575-C87F-4ABC-938E-2115B76178E1}"
EndProject
Project("{9A19103F-16F7-4668-BE54-9A1E7A4F7556}") = "MyPeople.Services.Posts.API", "src\Services\Posts\MyPeople.Services.Posts.API\MyPeople.Services.Posts.API.csproj", "{37A3D491-2DE6-4E10-B044-9DAD21A5FCEB}"
EndProject
Project("{9A19103F-16F7-4668-BE54-9A1E7A4F7556}") = "MyPeople.Services.Posts.Application", "src\Services\Posts\MyPeople.Services.Posts.Application\MyPeople.Services.Posts.Application.csproj", "{50A21597-79B3-4191-B177-5D4855A777BD}"
EndProject
Project("{9A19103F-16F7-4668-BE54-9A1E7A4F7556}") = "MyPeople.Services.Posts.Domain", "src\Services\Posts\MyPeople.Services.Posts.Domain\MyPeople.Services.Posts.Domain.csproj", "{631DFABF-921F-4FE6-8AAA-898247775E10}"
EndProject
Project("{9A19103F-16F7-4668-BE54-9A1E7A4F7556}") = "MyPeople.Services.Posts.Infrastructure", "src\Services\Posts\MyPeople.Services.Posts.Infrastructure\MyPeople.Services.Posts.Infrastructure.csproj", "{CC6A4BA1-D597-4A1C-835B-7387EA1C6CBC}"
EndProject
Project("{E53339B2-1760-4266-BCC7-CA923CBCF16C}") = "docker-compose", "docker-compose.dcproj", "{9E42B3DF-9C4F-4D3F-9ED2-677BD96E5F61}"
EndProject
Project("{FAE04EC0-301F-11D3-BF4B-00C04F79EFBC}") = "MyPeople.Services.Posts.Infrastructure.Migrations.Sqlite", "src\Services\Posts\MyPeople.Services.Posts.Infrastructure.Migrations.Sqlite\MyPeople.Services.Posts.Infrastructure.Migrations.Sqlite.csproj", "{45E1AD48-9356-473A-80FD-5BEF52339F6D}"
EndProject
Project("{FAE04EC0-301F-11D3-BF4B-00C04F79EFBC}") = "MyPeople.Services.Posts.Infrastructure.Migrations.SqlServer", "src\Services\Posts\MyPeople.Services.Posts.Infrastructure.Migrations.SqlServer\MyPeople.Services.Posts.Infrastructure.Migrations.SqlServer.csproj", "{9FFAF5E7-A8EB-4B36-9426-409006EA49A4}"
EndProject
Project("{FAE04EC0-301F-11D3-BF4B-00C04F79EFBC}") = "MyPeople.Services.Images.Infrastructure.Migrations.Sqlite", "src\Services\Images\MyPeople.Services.Images.Infrastructure.Migrations.Sqlite\MyPeople.Services.Images.Infrastructure.Migrations.Sqlite.csproj", "{81415D56-CDFD-4CBC-A909-9B8135361D59}"
EndProject
Project("{FAE04EC0-301F-11D3-BF4B-00C04F79EFBC}") = "MyPeople.Services.Images.Infrastructure.Migrations.SqlServer", "src\Services\Images\MyPeople.Services.Images.Infrastructure.Migrations.SqlServer\MyPeople.Services.Images.Infrastructure.Migrations.SqlServer.csproj", "{A5CDBD96-5627-421B-BE54-78FCE398431F}"
EndProject
Project("{FAE04EC0-301F-11D3-BF4B-00C04F79EFBC}") = "MyPeople.Identity.Infrastructure.Migrations.Sqlite", "src\Identity\MyPeople.Identity.Infrastructure.Migrations.Sqlite\MyPeople.Identity.Infrastructure.Migrations.Sqlite.csproj", "{DED8DD96-8F77-4EAD-83B8-88CC9723D5EF}"
EndProject
Project("{FAE04EC0-301F-11D3-BF4B-00C04F79EFBC}") = "MyPeople.Identity.Infrastructure.Migrations.SqlServer", "src\Identity\MyPeople.Identity.Infrastructure.Migrations.SqlServer\MyPeople.Identity.Infrastructure.Migrations.SqlServer.csproj", "{AACCEF85-4107-488C-96D2-DD8ECFA9E223}"
EndProject
Project("{2150E333-8FDC-42A3-9474-1A3956D46DE8}") = "test", "test", "{7A003AAC-56BC-4646-9A69-9B7E6B82E7B9}"
EndProject
Project("{2150E333-8FDC-42A3-9474-1A3956D46DE8}") = "Services", "Services", "{F7160B47-71AA-460D-A312-561BCC39E8E3}"
EndProject
Project("{2150E333-8FDC-42A3-9474-1A3956D46DE8}") = "Images", "Images", "{B67D421C-7B8D-497D-AEE0-9AAF457344BB}"
EndProject
Project("{FAE04EC0-301F-11D3-BF4B-00C04F79EFBC}") = "MyPeople.Services.Images.Application.Tests", "test\Services\Images\MyPeople.Services.Images.Application.Tests\MyPeople.Services.Images.Application.Tests.csproj", "{2C8A0134-AE72-4E2F-B8C7-0FB136FD9497}"
EndProject
Project("{FAE04EC0-301F-11D3-BF4B-00C04F79EFBC}") = "MyPeople.Services.Images.Infrastructure.Tests", "test\Services\Images\MyPeople.Services.Images.Infrastructure.Tests\MyPeople.Services.Images.Infrastructure.Tests.csproj", "{F060BAA7-16E3-43F3-AC04-3348C448123B}"
EndProject
Project("{FAE04EC0-301F-11D3-BF4B-00C04F79EFBC}") = "MyPeople.Services.Images.API.Tests", "test\Services\Images\MyPeople.Services.Images.API.Tests\MyPeople.Services.Images.API.Tests.csproj", "{F7AA432D-BD89-45D3-908E-364271379AFC}"
EndProject
Project("{FAE04EC0-301F-11D3-BF4B-00C04F79EFBC}") = "MyPeople.Common.Logging", "src\Common\MyPeople.Common.Logging\MyPeople.Common.Logging.csproj", "{925467DE-89DC-42BE-9D2F-5EC755971397}"
EndProject
Project("{2150E333-8FDC-42A3-9474-1A3956D46DE8}") = "Posts", "Posts", "{64BBFA25-FFB1-4234-B470-944077001B3F}"
EndProject
Project("{FAE04EC0-301F-11D3-BF4B-00C04F79EFBC}") = "MyPeople.Services.Posts.Application.Tests", "test\Services\Posts\MyPeople.Services.Posts.Application.Tests\MyPeople.Services.Posts.Application.Tests.csproj", "{D82C29C1-FC10-4212-8ED0-9173B91E1B91}"
EndProject
Global
	GlobalSection(SolutionConfigurationPlatforms) = preSolution
		Debug|Any CPU = Debug|Any CPU
		Release|Any CPU = Release|Any CPU
	EndGlobalSection
	GlobalSection(ProjectConfigurationPlatforms) = postSolution
		{72597666-E98D-4201-9BFD-CF04F89E66A9}.Debug|Any CPU.ActiveCfg = Debug|Any CPU
		{72597666-E98D-4201-9BFD-CF04F89E66A9}.Debug|Any CPU.Build.0 = Debug|Any CPU
		{72597666-E98D-4201-9BFD-CF04F89E66A9}.Release|Any CPU.ActiveCfg = Release|Any CPU
		{72597666-E98D-4201-9BFD-CF04F89E66A9}.Release|Any CPU.Build.0 = Release|Any CPU
		{79A3703A-59BC-4065-9F1D-E1A558A53940}.Debug|Any CPU.ActiveCfg = Debug|Any CPU
		{79A3703A-59BC-4065-9F1D-E1A558A53940}.Debug|Any CPU.Build.0 = Debug|Any CPU
		{79A3703A-59BC-4065-9F1D-E1A558A53940}.Release|Any CPU.ActiveCfg = Release|Any CPU
		{79A3703A-59BC-4065-9F1D-E1A558A53940}.Release|Any CPU.Build.0 = Release|Any CPU
		{76F16E90-0B25-47EA-A7B2-4EAF8F0C2A47}.Debug|Any CPU.ActiveCfg = Debug|Any CPU
		{76F16E90-0B25-47EA-A7B2-4EAF8F0C2A47}.Debug|Any CPU.Build.0 = Debug|Any CPU
		{76F16E90-0B25-47EA-A7B2-4EAF8F0C2A47}.Release|Any CPU.ActiveCfg = Release|Any CPU
		{76F16E90-0B25-47EA-A7B2-4EAF8F0C2A47}.Release|Any CPU.Build.0 = Release|Any CPU
		{97D68A5D-B8DC-408B-BAFA-0D4DB8D5E5A7}.Debug|Any CPU.ActiveCfg = Debug|Any CPU
		{97D68A5D-B8DC-408B-BAFA-0D4DB8D5E5A7}.Debug|Any CPU.Build.0 = Debug|Any CPU
		{97D68A5D-B8DC-408B-BAFA-0D4DB8D5E5A7}.Release|Any CPU.ActiveCfg = Release|Any CPU
		{97D68A5D-B8DC-408B-BAFA-0D4DB8D5E5A7}.Release|Any CPU.Build.0 = Release|Any CPU
		{006C8418-D269-49FB-8208-9B9E571539A2}.Debug|Any CPU.ActiveCfg = Debug|Any CPU
		{006C8418-D269-49FB-8208-9B9E571539A2}.Debug|Any CPU.Build.0 = Debug|Any CPU
		{006C8418-D269-49FB-8208-9B9E571539A2}.Release|Any CPU.ActiveCfg = Release|Any CPU
		{006C8418-D269-49FB-8208-9B9E571539A2}.Release|Any CPU.Build.0 = Release|Any CPU
		{26C393CB-5ECA-4913-96C7-E0875770B736}.Debug|Any CPU.ActiveCfg = Debug|Any CPU
		{26C393CB-5ECA-4913-96C7-E0875770B736}.Debug|Any CPU.Build.0 = Debug|Any CPU
		{26C393CB-5ECA-4913-96C7-E0875770B736}.Release|Any CPU.ActiveCfg = Release|Any CPU
		{26C393CB-5ECA-4913-96C7-E0875770B736}.Release|Any CPU.Build.0 = Release|Any CPU
		{E84D661C-AB1B-42D7-829F-9798B7AE7124}.Debug|Any CPU.ActiveCfg = Debug|Any CPU
		{E84D661C-AB1B-42D7-829F-9798B7AE7124}.Debug|Any CPU.Build.0 = Debug|Any CPU
		{E84D661C-AB1B-42D7-829F-9798B7AE7124}.Release|Any CPU.ActiveCfg = Release|Any CPU
		{E84D661C-AB1B-42D7-829F-9798B7AE7124}.Release|Any CPU.Build.0 = Release|Any CPU
		{15A46AAF-1C02-4059-96CC-57731243B881}.Debug|Any CPU.ActiveCfg = Debug|Any CPU
		{15A46AAF-1C02-4059-96CC-57731243B881}.Debug|Any CPU.Build.0 = Debug|Any CPU
		{15A46AAF-1C02-4059-96CC-57731243B881}.Release|Any CPU.ActiveCfg = Release|Any CPU
		{15A46AAF-1C02-4059-96CC-57731243B881}.Release|Any CPU.Build.0 = Release|Any CPU
		{0CD0F446-0234-401B-BFE2-887F365F92AB}.Debug|Any CPU.ActiveCfg = Debug|Any CPU
		{0CD0F446-0234-401B-BFE2-887F365F92AB}.Debug|Any CPU.Build.0 = Debug|Any CPU
		{0CD0F446-0234-401B-BFE2-887F365F92AB}.Release|Any CPU.ActiveCfg = Release|Any CPU
		{0CD0F446-0234-401B-BFE2-887F365F92AB}.Release|Any CPU.Build.0 = Release|Any CPU
		{A5F2C0F2-6E84-4F16-A9F8-CD15F5FD5570}.Debug|Any CPU.ActiveCfg = Debug|Any CPU
		{A5F2C0F2-6E84-4F16-A9F8-CD15F5FD5570}.Debug|Any CPU.Build.0 = Debug|Any CPU
		{A5F2C0F2-6E84-4F16-A9F8-CD15F5FD5570}.Release|Any CPU.ActiveCfg = Release|Any CPU
		{A5F2C0F2-6E84-4F16-A9F8-CD15F5FD5570}.Release|Any CPU.Build.0 = Release|Any CPU
		{C21A44BC-6B35-4044-BEF8-FCCB39B177DF}.Debug|Any CPU.ActiveCfg = Debug|Any CPU
		{C21A44BC-6B35-4044-BEF8-FCCB39B177DF}.Debug|Any CPU.Build.0 = Debug|Any CPU
		{C21A44BC-6B35-4044-BEF8-FCCB39B177DF}.Release|Any CPU.ActiveCfg = Release|Any CPU
		{C21A44BC-6B35-4044-BEF8-FCCB39B177DF}.Release|Any CPU.Build.0 = Release|Any CPU
		{3A5E7440-077B-498A-B662-A34DF1B7B82C}.Debug|Any CPU.ActiveCfg = Debug|Any CPU
		{3A5E7440-077B-498A-B662-A34DF1B7B82C}.Debug|Any CPU.Build.0 = Debug|Any CPU
		{3A5E7440-077B-498A-B662-A34DF1B7B82C}.Release|Any CPU.ActiveCfg = Release|Any CPU
		{3A5E7440-077B-498A-B662-A34DF1B7B82C}.Release|Any CPU.Build.0 = Release|Any CPU
		{12E77D61-1C41-45E7-9E4F-13F3F5574497}.Debug|Any CPU.ActiveCfg = Debug|Any CPU
		{12E77D61-1C41-45E7-9E4F-13F3F5574497}.Debug|Any CPU.Build.0 = Debug|Any CPU
		{12E77D61-1C41-45E7-9E4F-13F3F5574497}.Release|Any CPU.ActiveCfg = Release|Any CPU
		{12E77D61-1C41-45E7-9E4F-13F3F5574497}.Release|Any CPU.Build.0 = Release|Any CPU
		{B71A655D-0CF8-4C76-BA2D-73DA677BFD85}.Debug|Any CPU.ActiveCfg = Debug|Any CPU
		{B71A655D-0CF8-4C76-BA2D-73DA677BFD85}.Debug|Any CPU.Build.0 = Debug|Any CPU
		{B71A655D-0CF8-4C76-BA2D-73DA677BFD85}.Release|Any CPU.ActiveCfg = Release|Any CPU
		{B71A655D-0CF8-4C76-BA2D-73DA677BFD85}.Release|Any CPU.Build.0 = Release|Any CPU
		{D9163140-E059-4BE5-8C67-AE7DA74B7BD2}.Debug|Any CPU.ActiveCfg = Debug|Any CPU
		{D9163140-E059-4BE5-8C67-AE7DA74B7BD2}.Debug|Any CPU.Build.0 = Debug|Any CPU
		{D9163140-E059-4BE5-8C67-AE7DA74B7BD2}.Release|Any CPU.ActiveCfg = Release|Any CPU
		{D9163140-E059-4BE5-8C67-AE7DA74B7BD2}.Release|Any CPU.Build.0 = Release|Any CPU
		{37A3D491-2DE6-4E10-B044-9DAD21A5FCEB}.Debug|Any CPU.ActiveCfg = Debug|Any CPU
		{37A3D491-2DE6-4E10-B044-9DAD21A5FCEB}.Debug|Any CPU.Build.0 = Debug|Any CPU
		{37A3D491-2DE6-4E10-B044-9DAD21A5FCEB}.Release|Any CPU.ActiveCfg = Release|Any CPU
		{37A3D491-2DE6-4E10-B044-9DAD21A5FCEB}.Release|Any CPU.Build.0 = Release|Any CPU
		{50A21597-79B3-4191-B177-5D4855A777BD}.Debug|Any CPU.ActiveCfg = Debug|Any CPU
		{50A21597-79B3-4191-B177-5D4855A777BD}.Debug|Any CPU.Build.0 = Debug|Any CPU
		{50A21597-79B3-4191-B177-5D4855A777BD}.Release|Any CPU.ActiveCfg = Release|Any CPU
		{50A21597-79B3-4191-B177-5D4855A777BD}.Release|Any CPU.Build.0 = Release|Any CPU
		{631DFABF-921F-4FE6-8AAA-898247775E10}.Debug|Any CPU.ActiveCfg = Debug|Any CPU
		{631DFABF-921F-4FE6-8AAA-898247775E10}.Debug|Any CPU.Build.0 = Debug|Any CPU
		{631DFABF-921F-4FE6-8AAA-898247775E10}.Release|Any CPU.ActiveCfg = Release|Any CPU
		{631DFABF-921F-4FE6-8AAA-898247775E10}.Release|Any CPU.Build.0 = Release|Any CPU
		{CC6A4BA1-D597-4A1C-835B-7387EA1C6CBC}.Debug|Any CPU.ActiveCfg = Debug|Any CPU
		{CC6A4BA1-D597-4A1C-835B-7387EA1C6CBC}.Debug|Any CPU.Build.0 = Debug|Any CPU
		{CC6A4BA1-D597-4A1C-835B-7387EA1C6CBC}.Release|Any CPU.ActiveCfg = Release|Any CPU
		{CC6A4BA1-D597-4A1C-835B-7387EA1C6CBC}.Release|Any CPU.Build.0 = Release|Any CPU
		{9E42B3DF-9C4F-4D3F-9ED2-677BD96E5F61}.Debug|Any CPU.ActiveCfg = Debug|Any CPU
		{9E42B3DF-9C4F-4D3F-9ED2-677BD96E5F61}.Debug|Any CPU.Build.0 = Debug|Any CPU
		{9E42B3DF-9C4F-4D3F-9ED2-677BD96E5F61}.Release|Any CPU.ActiveCfg = Release|Any CPU
		{9E42B3DF-9C4F-4D3F-9ED2-677BD96E5F61}.Release|Any CPU.Build.0 = Release|Any CPU
		{45E1AD48-9356-473A-80FD-5BEF52339F6D}.Debug|Any CPU.ActiveCfg = Debug|Any CPU
		{45E1AD48-9356-473A-80FD-5BEF52339F6D}.Debug|Any CPU.Build.0 = Debug|Any CPU
		{45E1AD48-9356-473A-80FD-5BEF52339F6D}.Release|Any CPU.ActiveCfg = Release|Any CPU
		{45E1AD48-9356-473A-80FD-5BEF52339F6D}.Release|Any CPU.Build.0 = Release|Any CPU
		{9FFAF5E7-A8EB-4B36-9426-409006EA49A4}.Debug|Any CPU.ActiveCfg = Debug|Any CPU
		{9FFAF5E7-A8EB-4B36-9426-409006EA49A4}.Debug|Any CPU.Build.0 = Debug|Any CPU
		{9FFAF5E7-A8EB-4B36-9426-409006EA49A4}.Release|Any CPU.ActiveCfg = Release|Any CPU
		{9FFAF5E7-A8EB-4B36-9426-409006EA49A4}.Release|Any CPU.Build.0 = Release|Any CPU
		{81415D56-CDFD-4CBC-A909-9B8135361D59}.Debug|Any CPU.ActiveCfg = Debug|Any CPU
		{81415D56-CDFD-4CBC-A909-9B8135361D59}.Debug|Any CPU.Build.0 = Debug|Any CPU
		{81415D56-CDFD-4CBC-A909-9B8135361D59}.Release|Any CPU.ActiveCfg = Release|Any CPU
		{81415D56-CDFD-4CBC-A909-9B8135361D59}.Release|Any CPU.Build.0 = Release|Any CPU
		{A5CDBD96-5627-421B-BE54-78FCE398431F}.Debug|Any CPU.ActiveCfg = Debug|Any CPU
		{A5CDBD96-5627-421B-BE54-78FCE398431F}.Debug|Any CPU.Build.0 = Debug|Any CPU
		{A5CDBD96-5627-421B-BE54-78FCE398431F}.Release|Any CPU.ActiveCfg = Release|Any CPU
		{A5CDBD96-5627-421B-BE54-78FCE398431F}.Release|Any CPU.Build.0 = Release|Any CPU
		{DED8DD96-8F77-4EAD-83B8-88CC9723D5EF}.Debug|Any CPU.ActiveCfg = Debug|Any CPU
		{DED8DD96-8F77-4EAD-83B8-88CC9723D5EF}.Debug|Any CPU.Build.0 = Debug|Any CPU
		{DED8DD96-8F77-4EAD-83B8-88CC9723D5EF}.Release|Any CPU.ActiveCfg = Release|Any CPU
		{DED8DD96-8F77-4EAD-83B8-88CC9723D5EF}.Release|Any CPU.Build.0 = Release|Any CPU
		{AACCEF85-4107-488C-96D2-DD8ECFA9E223}.Debug|Any CPU.ActiveCfg = Debug|Any CPU
		{AACCEF85-4107-488C-96D2-DD8ECFA9E223}.Debug|Any CPU.Build.0 = Debug|Any CPU
		{AACCEF85-4107-488C-96D2-DD8ECFA9E223}.Release|Any CPU.ActiveCfg = Release|Any CPU
		{AACCEF85-4107-488C-96D2-DD8ECFA9E223}.Release|Any CPU.Build.0 = Release|Any CPU
		{2C8A0134-AE72-4E2F-B8C7-0FB136FD9497}.Debug|Any CPU.ActiveCfg = Debug|Any CPU
		{2C8A0134-AE72-4E2F-B8C7-0FB136FD9497}.Debug|Any CPU.Build.0 = Debug|Any CPU
		{2C8A0134-AE72-4E2F-B8C7-0FB136FD9497}.Release|Any CPU.ActiveCfg = Release|Any CPU
		{2C8A0134-AE72-4E2F-B8C7-0FB136FD9497}.Release|Any CPU.Build.0 = Release|Any CPU
		{F060BAA7-16E3-43F3-AC04-3348C448123B}.Debug|Any CPU.ActiveCfg = Debug|Any CPU
		{F060BAA7-16E3-43F3-AC04-3348C448123B}.Debug|Any CPU.Build.0 = Debug|Any CPU
		{F060BAA7-16E3-43F3-AC04-3348C448123B}.Release|Any CPU.ActiveCfg = Release|Any CPU
		{F060BAA7-16E3-43F3-AC04-3348C448123B}.Release|Any CPU.Build.0 = Release|Any CPU
		{F7AA432D-BD89-45D3-908E-364271379AFC}.Debug|Any CPU.ActiveCfg = Debug|Any CPU
		{F7AA432D-BD89-45D3-908E-364271379AFC}.Debug|Any CPU.Build.0 = Debug|Any CPU
		{F7AA432D-BD89-45D3-908E-364271379AFC}.Release|Any CPU.ActiveCfg = Release|Any CPU
		{F7AA432D-BD89-45D3-908E-364271379AFC}.Release|Any CPU.Build.0 = Release|Any CPU
		{925467DE-89DC-42BE-9D2F-5EC755971397}.Debug|Any CPU.ActiveCfg = Debug|Any CPU
		{925467DE-89DC-42BE-9D2F-5EC755971397}.Debug|Any CPU.Build.0 = Debug|Any CPU
		{925467DE-89DC-42BE-9D2F-5EC755971397}.Release|Any CPU.ActiveCfg = Release|Any CPU
		{925467DE-89DC-42BE-9D2F-5EC755971397}.Release|Any CPU.Build.0 = Release|Any CPU
		{D82C29C1-FC10-4212-8ED0-9173B91E1B91}.Debug|Any CPU.ActiveCfg = Debug|Any CPU
		{D82C29C1-FC10-4212-8ED0-9173B91E1B91}.Debug|Any CPU.Build.0 = Debug|Any CPU
		{D82C29C1-FC10-4212-8ED0-9173B91E1B91}.Release|Any CPU.ActiveCfg = Release|Any CPU
		{D82C29C1-FC10-4212-8ED0-9173B91E1B91}.Release|Any CPU.Build.0 = Release|Any CPU
	EndGlobalSection
	GlobalSection(SolutionProperties) = preSolution
		HideSolutionNode = FALSE
	EndGlobalSection
	GlobalSection(NestedProjects) = preSolution
		{C88AA92C-3D58-4A3E-88D6-054CA0AA4F2F} = {8D142CCA-C399-41E6-9B9C-8DABC94F4027}
		{72597666-E98D-4201-9BFD-CF04F89E66A9} = {C88AA92C-3D58-4A3E-88D6-054CA0AA4F2F}
		{79A3703A-59BC-4065-9F1D-E1A558A53940} = {C88AA92C-3D58-4A3E-88D6-054CA0AA4F2F}
		{6B494F51-47DE-485A-A8E7-E15DD7E54308} = {8D142CCA-C399-41E6-9B9C-8DABC94F4027}
		{76F16E90-0B25-47EA-A7B2-4EAF8F0C2A47} = {6B494F51-47DE-485A-A8E7-E15DD7E54308}
		{97D68A5D-B8DC-408B-BAFA-0D4DB8D5E5A7} = {6B494F51-47DE-485A-A8E7-E15DD7E54308}
		{006C8418-D269-49FB-8208-9B9E571539A2} = {6B494F51-47DE-485A-A8E7-E15DD7E54308}
		{13278947-1E54-4F6E-9F96-79754CA4222C} = {8D142CCA-C399-41E6-9B9C-8DABC94F4027}
		{26C393CB-5ECA-4913-96C7-E0875770B736} = {13278947-1E54-4F6E-9F96-79754CA4222C}
		{3AA89893-B690-43D7-BE17-495FBB9E62C0} = {8D142CCA-C399-41E6-9B9C-8DABC94F4027}
		{E84D661C-AB1B-42D7-829F-9798B7AE7124} = {3AA89893-B690-43D7-BE17-495FBB9E62C0}
		{15A46AAF-1C02-4059-96CC-57731243B881} = {3AA89893-B690-43D7-BE17-495FBB9E62C0}
		{0CD0F446-0234-401B-BFE2-887F365F92AB} = {3AA89893-B690-43D7-BE17-495FBB9E62C0}
		{A5F2C0F2-6E84-4F16-A9F8-CD15F5FD5570} = {3AA89893-B690-43D7-BE17-495FBB9E62C0}
		{60560E83-0D67-445C-9723-EF85EF91BFC0} = {8D142CCA-C399-41E6-9B9C-8DABC94F4027}
		{45406BF2-5DCD-4397-A75C-705DEA6384F8} = {60560E83-0D67-445C-9723-EF85EF91BFC0}
		{C21A44BC-6B35-4044-BEF8-FCCB39B177DF} = {45406BF2-5DCD-4397-A75C-705DEA6384F8}
		{0FD65D23-B83B-4112-8DCF-8801D5CC02BC} = {60560E83-0D67-445C-9723-EF85EF91BFC0}
		{3A5E7440-077B-498A-B662-A34DF1B7B82C} = {0FD65D23-B83B-4112-8DCF-8801D5CC02BC}
		{12E77D61-1C41-45E7-9E4F-13F3F5574497} = {0FD65D23-B83B-4112-8DCF-8801D5CC02BC}
		{B71A655D-0CF8-4C76-BA2D-73DA677BFD85} = {0FD65D23-B83B-4112-8DCF-8801D5CC02BC}
		{D9163140-E059-4BE5-8C67-AE7DA74B7BD2} = {0FD65D23-B83B-4112-8DCF-8801D5CC02BC}
		{CAA05575-C87F-4ABC-938E-2115B76178E1} = {60560E83-0D67-445C-9723-EF85EF91BFC0}
		{37A3D491-2DE6-4E10-B044-9DAD21A5FCEB} = {CAA05575-C87F-4ABC-938E-2115B76178E1}
		{50A21597-79B3-4191-B177-5D4855A777BD} = {CAA05575-C87F-4ABC-938E-2115B76178E1}
		{631DFABF-921F-4FE6-8AAA-898247775E10} = {CAA05575-C87F-4ABC-938E-2115B76178E1}
		{CC6A4BA1-D597-4A1C-835B-7387EA1C6CBC} = {CAA05575-C87F-4ABC-938E-2115B76178E1}
		{45E1AD48-9356-473A-80FD-5BEF52339F6D} = {CAA05575-C87F-4ABC-938E-2115B76178E1}
		{9FFAF5E7-A8EB-4B36-9426-409006EA49A4} = {CAA05575-C87F-4ABC-938E-2115B76178E1}
		{81415D56-CDFD-4CBC-A909-9B8135361D59} = {0FD65D23-B83B-4112-8DCF-8801D5CC02BC}
		{A5CDBD96-5627-421B-BE54-78FCE398431F} = {0FD65D23-B83B-4112-8DCF-8801D5CC02BC}
		{DED8DD96-8F77-4EAD-83B8-88CC9723D5EF} = {3AA89893-B690-43D7-BE17-495FBB9E62C0}
		{AACCEF85-4107-488C-96D2-DD8ECFA9E223} = {3AA89893-B690-43D7-BE17-495FBB9E62C0}
		{F7160B47-71AA-460D-A312-561BCC39E8E3} = {7A003AAC-56BC-4646-9A69-9B7E6B82E7B9}
		{B67D421C-7B8D-497D-AEE0-9AAF457344BB} = {F7160B47-71AA-460D-A312-561BCC39E8E3}
		{2C8A0134-AE72-4E2F-B8C7-0FB136FD9497} = {B67D421C-7B8D-497D-AEE0-9AAF457344BB}
		{F060BAA7-16E3-43F3-AC04-3348C448123B} = {B67D421C-7B8D-497D-AEE0-9AAF457344BB}
		{F7AA432D-BD89-45D3-908E-364271379AFC} = {B67D421C-7B8D-497D-AEE0-9AAF457344BB}
		{925467DE-89DC-42BE-9D2F-5EC755971397} = {6B494F51-47DE-485A-A8E7-E15DD7E54308}
		{64BBFA25-FFB1-4234-B470-944077001B3F} = {F7160B47-71AA-460D-A312-561BCC39E8E3}
		{D82C29C1-FC10-4212-8ED0-9173B91E1B91} = {64BBFA25-FFB1-4234-B470-944077001B3F}
	EndGlobalSection
	GlobalSection(ExtensibilityGlobals) = postSolution
		SolutionGuid = {BE68B62E-A3E9-419B-84BC-B6A7AA17BFA5}
	EndGlobalSection
EndGlobal
